// !$*UTF8*$!
{
	archiveVersion = 1;
	classes = {
	};
	objectVersion = 46;
	objects = {

/* Begin PBXBuildFile section */
		6CBEAA5E1B6472C10011777A /* AppDelegate.swift in Sources */ = {isa = PBXBuildFile; fileRef = 6CBEAA5D1B6472C10011777A /* AppDelegate.swift */; };
		6CBEAA601B6472C10011777A /* ViewController.swift in Sources */ = {isa = PBXBuildFile; fileRef = 6CBEAA5F1B6472C10011777A /* ViewController.swift */; };
		6CBEAA621B6472C10011777A /* Images.xcassets in Resources */ = {isa = PBXBuildFile; fileRef = 6CBEAA611B6472C10011777A /* Images.xcassets */; };
		6CBEAA711B6472C10011777A /* lolSpecTests.swift in Sources */ = {isa = PBXBuildFile; fileRef = 6CBEAA701B6472C10011777A /* lolSpecTests.swift */; };
		6CBEAA801B6481AF0011777A /* SwiftyJSON.swift in Sources */ = {isa = PBXBuildFile; fileRef = 6CBEAA7F1B6481AF0011777A /* SwiftyJSON.swift */; };
		6CBEAA811B6481AF0011777A /* SwiftyJSON.swift in Sources */ = {isa = PBXBuildFile; fileRef = 6CBEAA7F1B6481AF0011777A /* SwiftyJSON.swift */; };
		6CCA59531B649CEE00241C03 /* lolSwift.swift in Sources */ = {isa = PBXBuildFile; fileRef = 6CCA59521B649CEE00241C03 /* lolSwift.swift */; };
		6CE2ACD71B657E2900E4C064 /* Main.storyboard in Resources */ = {isa = PBXBuildFile; fileRef = 6CE2ACD61B657E2900E4C064 /* Main.storyboard */; };
		6CE2ACD81B657E2900E4C064 /* Main.storyboard in Resources */ = {isa = PBXBuildFile; fileRef = 6CE2ACD61B657E2900E4C064 /* Main.storyboard */; };
/* End PBXBuildFile section */

/* Begin PBXContainerItemProxy section */
		6CBEAA6B1B6472C10011777A /* PBXContainerItemProxy */ = {
			isa = PBXContainerItemProxy;
			containerPortal = 6CBEAA501B6472C10011777A /* Project object */;
			proxyType = 1;
			remoteGlobalIDString = 6CBEAA571B6472C10011777A;
			remoteInfo = lolSpec;
		};
/* End PBXContainerItemProxy section */

/* Begin PBXFileReference section */
		6CBEAA581B6472C10011777A /* lolSpec.app */ = {isa = PBXFileReference; explicitFileType = wrapper.application; includeInIndex = 0; path = lolSpec.app; sourceTree = BUILT_PRODUCTS_DIR; };
		6CBEAA5C1B6472C10011777A /* Info.plist */ = {isa = PBXFileReference; lastKnownFileType = text.plist.xml; path = Info.plist; sourceTree = "<group>"; };
		6CBEAA5D1B6472C10011777A /* AppDelegate.swift */ = {isa = PBXFileReference; lastKnownFileType = sourcecode.swift; path = AppDelegate.swift; sourceTree = "<group>"; };
		6CBEAA5F1B6472C10011777A /* ViewController.swift */ = {isa = PBXFileReference; lastKnownFileType = sourcecode.swift; path = ViewController.swift; sourceTree = "<group>"; };
		6CBEAA611B6472C10011777A /* Images.xcassets */ = {isa = PBXFileReference; lastKnownFileType = folder.assetcatalog; path = Images.xcassets; sourceTree = "<group>"; };
		6CBEAA6A1B6472C10011777A /* lolSpecTests.xctest */ = {isa = PBXFileReference; explicitFileType = wrapper.cfbundle; includeInIndex = 0; path = lolSpecTests.xctest; sourceTree = BUILT_PRODUCTS_DIR; };
		6CBEAA6F1B6472C10011777A /* Info.plist */ = {isa = PBXFileReference; lastKnownFileType = text.plist.xml; path = Info.plist; sourceTree = "<group>"; };
		6CBEAA701B6472C10011777A /* lolSpecTests.swift */ = {isa = PBXFileReference; lastKnownFileType = sourcecode.swift; path = lolSpecTests.swift; sourceTree = "<group>"; };
		6CBEAA7F1B6481AF0011777A /* SwiftyJSON.swift */ = {isa = PBXFileReference; fileEncoding = 4; lastKnownFileType = sourcecode.swift; path = SwiftyJSON.swift; sourceTree = "<group>"; };
		6CCA59521B649CEE00241C03 /* lolSwift.swift */ = {isa = PBXFileReference; fileEncoding = 4; lastKnownFileType = sourcecode.swift; path = lolSwift.swift; sourceTree = "<group>"; };
		6CE2ACD61B657E2900E4C064 /* Main.storyboard */ = {isa = PBXFileReference; fileEncoding = 4; lastKnownFileType = file.storyboard; path = Main.storyboard; sourceTree = "<group>"; };
/* End PBXFileReference section */

/* Begin PBXFrameworksBuildPhase section */
		6CBEAA551B6472C10011777A /* Frameworks */ = {
			isa = PBXFrameworksBuildPhase;
			buildActionMask = 2147483647;
			files = (
			);
			runOnlyForDeploymentPostprocessing = 0;
		};
		6CBEAA671B6472C10011777A /* Frameworks */ = {
			isa = PBXFrameworksBuildPhase;
			buildActionMask = 2147483647;
			files = (
			);
			runOnlyForDeploymentPostprocessing = 0;
		};
/* End PBXFrameworksBuildPhase section */

/* Begin PBXGroup section */
		6CBEAA4F1B6472C10011777A = {
			isa = PBXGroup;
			children = (
				6CCA59521B649CEE00241C03 /* lolSwift.swift */,
				6CBEAA7F1B6481AF0011777A /* SwiftyJSON.swift */,
				6CBEAA5A1B6472C10011777A /* lolSpec */,
				6CBEAA6D1B6472C10011777A /* lolSpecTests */,
				6CBEAA591B6472C10011777A /* Products */,
			);
			sourceTree = "<group>";
		};
		6CBEAA591B6472C10011777A /* Products */ = {
			isa = PBXGroup;
			children = (
				6CBEAA581B6472C10011777A /* lolSpec.app */,
				6CBEAA6A1B6472C10011777A /* lolSpecTests.xctest */,
			);
			name = Products;
			sourceTree = "<group>";
		};
		6CBEAA5A1B6472C10011777A /* lolSpec */ = {
			isa = PBXGroup;
			children = (
				6CBEAA5D1B6472C10011777A /* AppDelegate.swift */,
				6CBEAA5F1B6472C10011777A /* ViewController.swift */,
				6CE2ACD61B657E2900E4C064 /* Main.storyboard */,
				6CBEAA611B6472C10011777A /* Images.xcassets */,
				6CBEAA5B1B6472C10011777A /* Supporting Files */,
			);
			path = lolSpec;
			sourceTree = "<group>";
		};
		6CBEAA5B1B6472C10011777A /* Supporting Files */ = {
			isa = PBXGroup;
			children = (
				6CBEAA5C1B6472C10011777A /* Info.plist */,
			);
			name = "Supporting Files";
			sourceTree = "<group>";
		};
		6CBEAA6D1B6472C10011777A /* lolSpecTests */ = {
			isa = PBXGroup;
			children = (
				6CBEAA701B6472C10011777A /* lolSpecTests.swift */,
				6CBEAA6E1B6472C10011777A /* Supporting Files */,
			);
			path = lolSpecTests;
			sourceTree = "<group>";
		};
		6CBEAA6E1B6472C10011777A /* Supporting Files */ = {
			isa = PBXGroup;
			children = (
				6CBEAA6F1B6472C10011777A /* Info.plist */,
			);
			name = "Supporting Files";
			sourceTree = "<group>";
		};
/* End PBXGroup section */

/* Begin PBXNativeTarget section */
		6CBEAA571B6472C10011777A /* lolSpec */ = {
			isa = PBXNativeTarget;
			buildConfigurationList = 6CBEAA741B6472C10011777A /* Build configuration list for PBXNativeTarget "lolSpec" */;
			buildPhases = (
				6CBEAA541B6472C10011777A /* Sources */,
				6CBEAA551B6472C10011777A /* Frameworks */,
				6CBEAA561B6472C10011777A /* Resources */,
			);
			buildRules = (
			);
			dependencies = (
			);
			name = lolSpec;
			productName = lolSpec;
			productReference = 6CBEAA581B6472C10011777A /* lolSpec.app */;
			productType = "com.apple.product-type.application";
		};
		6CBEAA691B6472C10011777A /* lolSpecTests */ = {
			isa = PBXNativeTarget;
			buildConfigurationList = 6CBEAA771B6472C10011777A /* Build configuration list for PBXNativeTarget "lolSpecTests" */;
			buildPhases = (
				6CBEAA661B6472C10011777A /* Sources */,
				6CBEAA671B6472C10011777A /* Frameworks */,
				6CBEAA681B6472C10011777A /* Resources */,
			);
			buildRules = (
			);
			dependencies = (
				6CBEAA6C1B6472C10011777A /* PBXTargetDependency */,
			);
			name = lolSpecTests;
			productName = lolSpecTests;
			productReference = 6CBEAA6A1B6472C10011777A /* lolSpecTests.xctest */;
			productType = "com.apple.product-type.bundle.unit-test";
		};
/* End PBXNativeTarget section */

/* Begin PBXProject section */
		6CBEAA501B6472C10011777A /* Project object */ = {
			isa = PBXProject;
			attributes = {
				LastUpgradeCheck = 0620;
				ORGANIZATIONNAME = Arm4x;
				TargetAttributes = {
					6CBEAA571B6472C10011777A = {
						CreatedOnToolsVersion = 6.2;
					};
					6CBEAA691B6472C10011777A = {
						CreatedOnToolsVersion = 6.2;
						TestTargetID = 6CBEAA571B6472C10011777A;
					};
				};
			};
			buildConfigurationList = 6CBEAA531B6472C10011777A /* Build configuration list for PBXProject "lolSpec" */;
			compatibilityVersion = "Xcode 3.2";
			developmentRegion = English;
			hasScannedForEncodings = 0;
			knownRegions = (
				en,
				Base,
			);
			mainGroup = 6CBEAA4F1B6472C10011777A;
			productRefGroup = 6CBEAA591B6472C10011777A /* Products */;
			projectDirPath = "";
			projectRoot = "";
			targets = (
				6CBEAA571B6472C10011777A /* lolSpec */,
				6CBEAA691B6472C10011777A /* lolSpecTests */,
			);
		};
/* End PBXProject section */

/* Begin PBXResourcesBuildPhase section */
		6CBEAA561B6472C10011777A /* Resources */ = {
			isa = PBXResourcesBuildPhase;
			buildActionMask = 2147483647;
			files = (
				6CBEAA621B6472C10011777A /* Images.xcassets in Resources */,
				6CE2ACD71B657E2900E4C064 /* Main.storyboard in Resources */,
			);
			runOnlyForDeploymentPostprocessing = 0;
		};
		6CBEAA681B6472C10011777A /* Resources */ = {
			isa = PBXResourcesBuildPhase;
			buildActionMask = 2147483647;
			files = (
				6CE2ACD81B657E2900E4C064 /* Main.storyboard in Resources */,
			);
			runOnlyForDeploymentPostprocessing = 0;
		};
/* End PBXResourcesBuildPhase section */

/* Begin PBXSourcesBuildPhase section */
		6CBEAA541B6472C10011777A /* Sources */ = {
			isa = PBXSourcesBuildPhase;
			buildActionMask = 2147483647;
			files = (
				6CCA59531B649CEE00241C03 /* lolSwift.swift in Sources */,
				6CBEAA801B6481AF0011777A /* SwiftyJSON.swift in Sources */,
				6CBEAA601B6472C10011777A /* ViewController.swift in Sources */,
				6CBEAA5E1B6472C10011777A /* AppDelegate.swift in Sources */,
			);
			runOnlyForDeploymentPostprocessing = 0;
		};
		6CBEAA661B6472C10011777A /* Sources */ = {
			isa = PBXSourcesBuildPhase;
			buildActionMask = 2147483647;
			files = (
				6CBEAA711B6472C10011777A /* lolSpecTests.swift in Sources */,
				6CBEAA811B6481AF0011777A /* SwiftyJSON.swift in Sources */,
			);
			runOnlyForDeploymentPostprocessing = 0;
		};
/* End PBXSourcesBuildPhase section */

/* Begin PBXTargetDependency section */
		6CBEAA6C1B6472C10011777A /* PBXTargetDependency */ = {
			isa = PBXTargetDependency;
			target = 6CBEAA571B6472C10011777A /* lolSpec */;
			targetProxy = 6CBEAA6B1B6472C10011777A /* PBXContainerItemProxy */;
		};
/* End PBXTargetDependency section */

/* Begin XCBuildConfiguration section */
		6CBEAA721B6472C10011777A /* Debug */ = {
			isa = XCBuildConfiguration;
			buildSettings = {
				ALWAYS_SEARCH_USER_PATHS = NO;
				CLANG_CXX_LANGUAGE_STANDARD = "gnu++0x";
				CLANG_CXX_LIBRARY = "libc++";
				CLANG_ENABLE_MODULES = YES;
				CLANG_ENABLE_OBJC_ARC = YES;
				CLANG_WARN_BOOL_CONVERSION = YES;
				CLANG_WARN_CONSTANT_CONVERSION = YES;
				CLANG_WARN_DIRECT_OBJC_ISA_USAGE = YES_ERROR;
				CLANG_WARN_EMPTY_BODY = YES;
				CLANG_WARN_ENUM_CONVERSION = YES;
				CLANG_WARN_INT_CONVERSION = YES;
				CLANG_WARN_OBJC_ROOT_CLASS = YES_ERROR;
				CLANG_WARN_UNREACHABLE_CODE = YES;
				CLANG_WARN__DUPLICATE_METHOD_MATCH = YES;
				CODE_SIGN_IDENTITY = "-";
				COPY_PHASE_STRIP = NO;
				ENABLE_STRICT_OBJC_MSGSEND = YES;
				GCC_C_LANGUAGE_STANDARD = gnu99;
				GCC_DYNAMIC_NO_PIC = NO;
				GCC_OPTIMIZATION_LEVEL = 0;
				GCC_PREPROCESSOR_DEFINITIONS = (
					"DEBUG=1",
					"$(inherited)",
				);
				GCC_SYMBOLS_PRIVATE_EXTERN = NO;
				GCC_WARN_64_TO_32_BIT_CONVERSION = YES;
				GCC_WARN_ABOUT_RETURN_TYPE = YES_ERROR;
				GCC_WARN_UNDECLARED_SELECTOR = YES;
				GCC_WARN_UNINITIALIZED_AUTOS = YES_AGGRESSIVE;
				GCC_WARN_UNUSED_FUNCTION = YES;
				GCC_WARN_UNUSED_VARIABLE = YES;
				MACOSX_DEPLOYMENT_TARGET = 10.10;
				MTL_ENABLE_DEBUG_INFO = YES;
				ONLY_ACTIVE_ARCH = YES;
				SDKROOT = macosx;
				SWIFT_OPTIMIZATION_LEVEL = "-Onone";
			};
			name = Debug;
		};
		6CBEAA731B6472C10011777A /* Release */ = {
			isa = XCBuildConfiguration;
			buildSettings = {
				ALWAYS_SEARCH_USER_PATHS = NO;
				CLANG_CXX_LANGUAGE_STANDARD = "gnu++0x";
				CLANG_CXX_LIBRARY = "libc++";
				CLANG_ENABLE_MODULES = YES;
				CLANG_ENABLE_OBJC_ARC = YES;
				CLANG_WARN_BOOL_CONVERSION = YES;
				CLANG_WARN_CONSTANT_CONVERSION = YES;
				CLANG_WARN_DIRECT_OBJC_ISA_USAGE = YES_ERROR;
				CLANG_WARN_EMPTY_BODY = YES;
				CLANG_WARN_ENUM_CONVERSION = YES;
				CLANG_WARN_INT_CONVERSION = YES;
				CLANG_WARN_OBJC_ROOT_CLASS = YES_ERROR;
				CLANG_WARN_UNREACHABLE_CODE = YES;
				CLANG_WARN__DUPLICATE_METHOD_MATCH = YES;
				CODE_SIGN_IDENTITY = "-";
				COPY_PHASE_STRIP = NO;
				DEBUG_INFORMATION_FORMAT = "dwarf-with-dsym";
				ENABLE_NS_ASSERTIONS = NO;
				ENABLE_STRICT_OBJC_MSGSEND = YES;
				GCC_C_LANGUAGE_STANDARD = gnu99;
				GCC_WARN_64_TO_32_BIT_CONVERSION = YES;
				GCC_WARN_ABOUT_RETURN_TYPE = YES_ERROR;
				GCC_WARN_UNDECLARED_SELECTOR = YES;
				GCC_WARN_UNINITIALIZED_AUTOS = YES_AGGRESSIVE;
				GCC_WARN_UNUSED_FUNCTION = YES;
				GCC_WARN_UNUSED_VARIABLE = YES;
				MACOSX_DEPLOYMENT_TARGET = 10.10;
				MTL_ENABLE_DEBUG_INFO = NO;
				SDKROOT = macosx;
			};
			name = Release;
		};
		6CBEAA751B6472C10011777A /* Debug */ = {
			isa = XCBuildConfiguration;
			buildSettings = {
				ASSETCATALOG_COMPILER_APPICON_NAME = AppIcon;
				COMBINE_HIDPI_IMAGES = YES;
				INFOPLIST_FILE = lolSpec/Info.plist;
				LD_RUNPATH_SEARCH_PATHS = "$(inherited) @executable_path/../Frameworks";
				PRODUCT_NAME = "$(TARGET_NAME)";
			};
			name = Debug;
		};
		6CBEAA761B6472C10011777A /* Release */ = {
			isa = XCBuildConfiguration;
			buildSettings = {
				ASSETCATALOG_COMPILER_APPICON_NAME = AppIcon;
				COMBINE_HIDPI_IMAGES = YES;
				INFOPLIST_FILE = lolSpec/Info.plist;
				LD_RUNPATH_SEARCH_PATHS = "$(inherited) @executable_path/../Frameworks";
				PRODUCT_NAME = "$(TARGET_NAME)";
			};
			name = Release;
		};
		6CBEAA781B6472C10011777A /* Debug */ = {
			isa = XCBuildConfiguration;
			buildSettings = {
				BUNDLE_LOADER = "$(TEST_HOST)";
				COMBINE_HIDPI_IMAGES = YES;
				FRAMEWORK_SEARCH_PATHS = (
					"$(DEVELOPER_FRAMEWORKS_DIR)",
					"$(inherited)",
				);
				GCC_PREPROCESSOR_DEFINITIONS = (
					"DEBUG=1",
					"$(inherited)",
				);
				INFOPLIST_FILE = lolSpecTests/Info.plist;
				LD_RUNPATH_SEARCH_PATHS = "$(inherited) @executable_path/../Frameworks @loader_path/../Frameworks";
				PRODUCT_NAME = "$(TARGET_NAME)";
				TEST_HOST = "$(BUILT_PRODUCTS_DIR)/lolSpec.app/Contents/MacOS/lolSpec";
			};
			name = Debug;
		};
		6CBEAA791B6472C10011777A /* Release */ = {
			isa = XCBuildConfiguration;
			buildSettings = {
				BUNDLE_LOADER = "$(TEST_HOST)";
				COMBINE_HIDPI_IMAGES = YES;
				FRAMEWORK_SEARCH_PATHS = (
					"$(DEVELOPER_FRAMEWORKS_DIR)",
					"$(inherited)",
				);
				INFOPLIST_FILE = lolSpecTests/Info.plist;
				LD_RUNPATH_SEARCH_PATHS = "$(inherited) @executable_path/../Frameworks @loader_path/../Frameworks";
				PRODUCT_NAME = "$(TARGET_NAME)";
				TEST_HOST = "$(BUILT_PRODUCTS_DIR)/lolSpec.app/Contents/MacOS/lolSpec";
			};
			name = Release;
		};
/* End XCBuildConfiguration section */

/* Begin XCConfigurationList section */
		6CBEAA531B6472C10011777A /* Build configuration list for PBXProject "lolSpec" */ = {
			isa = XCConfigurationList;
			buildConfigurations = (
				6CBEAA721B6472C10011777A /* Debug */,
				6CBEAA731B6472C10011777A /* Release */,
			);
			defaultConfigurationIsVisible = 0;
			defaultConfigurationName = Release;
		};
		6CBEAA741B6472C10011777A /* Build configuration list for PBXNativeTarget "lolSpec" */ = {
			isa = XCConfigurationList;
			buildConfigurations = (
				6CBEAA751B6472C10011777A /* Debug */,
				6CBEAA761B6472C10011777A /* Release */,
			);
			defaultConfigurationIsVisible = 0;
			defaultConfigurationName = Release;
		};
		6CBEAA771B6472C10011777A /* Build configuration list for PBXNativeTarget "lolSpecTests" */ = {
			isa = XCConfigurationList;
			buildConfigurations = (
				6CBEAA781B6472C10011777A /* Debug */,
				6CBEAA791B6472C10011777A /* Release */,
			);
			defaultConfigurationIsVisible = 0;
			defaultConfigurationName = Release;
		};
/* End XCConfigurationList section */
	};
	rootObject = 6CBEAA501B6472C10011777A /* Project object */;
}
